
Microsoft Visual Studio Solution File, Format Version 12.00
# Visual Studio 15
VisualStudioVersion = 15.0.28307.852
MinimumVisualStudioVersion = 10.0.40219.1
Project("{8BC9CEB8-8B4A-11D0-8D11-00A0C91BC942}") = "CS405-OpenGL-v0.5", "CS405-OpenGL-v0.5\CS405-OpenGL-v0.5.vcxproj", "{D790B3FE-BCFE-4A70-8B04-05A38DF3090E}"
EndProject
Global
	GlobalSection(SolutionConfigurationPlatforms) = preSolution
		Debug|x64 = Debug|x64
		Debug|x86 = Debug|x86
		Release|x64 = Release|x64
		Release|x86 = Release|x86
	EndGlobalSection
	GlobalSection(ProjectConfigurationPlatforms) = postSolution
		{D790B3FE-BCFE-4A70-8B04-05A38DF3090E}.Debug|x64.ActiveCfg = Debug|x64
		{D790B3FE-BCFE-4A70-8B04-05A38DF3090E}.Debug|x64.Build.0 = Debug|x64
		{D790B3FE-BCFE-4A70-8B04-05A38DF3090E}.Debug|x86.ActiveCfg = Debug|Win32
		{D790B3FE-BCFE-4A70-8B04-05A38DF3090E}.Debug|x86.Build.0 = Debug|Win32
		{D790B3FE-BCFE-4A70-8B04-05A38DF3090E}.Release|x64.ActiveCfg = Release|x64
		{D790B3FE-BCFE-4A70-8B04-05A38DF3090E}.Release|x64.Build.0 = Release|x64
		{D790B3FE-BCFE-4A70-8B04-05A38DF3090E}.Release|x86.ActiveCfg = Release|Win32
		{D790B3FE-BCFE-4A70-8B04-05A38DF3090E}.Release|x86.Build.0 = Release|Win32
	EndGlobalSection
	GlobalSection(SolutionProperties) = preSolution
		HideSolutionNode = FALSE
	EndGlobalSection
	GlobalSection(ExtensibilityGlobals) = postSolution
		SolutionGuid = {C51E24E8-E079-43E2-BDB9-4D50AD9F0BF5}
	EndGlobalSection
EndGlobal
